
Microsoft Visual Studio Solution File, Format Version 12.00
Project("{2150E333-8FDC-42A3-9474-1A3956D46DE8}") = "src", "src", "{3A8B6812-B42A-4F1B-962F-E4C2696A6F46}"
EndProject
Project("{2150E333-8FDC-42A3-9474-1A3956D46DE8}") = "tests", "tests", "{ABD7D257-AE9C-4DCB-9224-80938748474C}"
EndProject
Project("{FAE04EC0-301F-11D3-BF4B-00C04F79EFBC}") = "Lab1", "src\Lab1\Lab1.csproj", "{25EFCB64-8B06-4F6A-BBFD-9F713438637F}"
EndProject
Project("{FAE04EC0-301F-11D3-BF4B-00C04F79EFBC}") = "Lab2", "src\Lab2\Lab2.csproj", "{7392F3A8-8E4F-4353-9023-51F0DCF56416}"
EndProject
Project("{FAE04EC0-301F-11D3-BF4B-00C04F79EFBC}") = "Lab3", "src\Lab3\Lab3.csproj", "{9CC87A20-A988-4109-B1B4-AF1E8C634110}"
EndProject
Project("{FAE04EC0-301F-11D3-BF4B-00C04F79EFBC}") = "Lab4", "src\Lab4\Lab4.csproj", "{00526AC5-5908-441E-ADA5-2E8BBC91919F}"
EndProject
Project("{FAE04EC0-301F-11D3-BF4B-00C04F79EFBC}") = "Lab1.Tests", "tests\Lab1.Tests\Lab1.Tests.csproj", "{FAE8F20B-EB2D-4E9F-A9C9-69761E5B4604}"
EndProject
Project("{FAE04EC0-301F-11D3-BF4B-00C04F79EFBC}") = "Lab2.Tests", "tests\Lab2.Tests\Lab2.Tests.csproj", "{7D2B8E68-304A-4946-987E-4F29F0FCC3A4}"
EndProject
Project("{FAE04EC0-301F-11D3-BF4B-00C04F79EFBC}") = "Lab3.Tests", "tests\Lab3.Tests\Lab3.Tests.csproj", "{3A3ABC1F-44EE-41D7-B0F1-F0D962E5746B}"
EndProject
Project("{FAE04EC0-301F-11D3-BF4B-00C04F79EFBC}") = "Lab4.Tests", "tests\Lab4.Tests\Lab4.Tests.csproj", "{2BC795FD-9FAC-419E-A8A5-4C432451CBD1}"
EndProject
Project("{FAE04EC0-301F-11D3-BF4B-00C04F79EFBC}") = "Lab5.Tests", "tests\Lab5.Tests\Lab5.Tests.csproj", "{6B113055-EABD-4475-9A6B-C54320ED1F26}"
EndProject
Project("{2150E333-8FDC-42A3-9474-1A3956D46DE8}") = "common", "common", "{3DB12F6C-143E-4086-BCB2-2EC3461BC353}"
	ProjectSection(SolutionItems) = preProject
		Directory.Packages.props = Directory.Packages.props
		Directory.Build.props = Directory.Build.props
		.gitignore = .gitignore
		.editorconfig = .editorconfig
	EndProjectSection
EndProject
Project("{2150E333-8FDC-42A3-9474-1A3956D46DE8}") = "Lab5", "Lab5", "{C377CD08-FE90-4087-9113-4EE475C1D5EB}"
EndProject
Project("{2150E333-8FDC-42A3-9474-1A3956D46DE8}") = "src", "src", "{44FA07E6-FAC0-466F-9783-414E9CA37BD1}"
EndProject
Project("{2150E333-8FDC-42A3-9474-1A3956D46DE8}") = "Application", "Application", "{B64D5D3E-E93C-4931-9676-89EAB0CC07F5}"
EndProject
Project("{2150E333-8FDC-42A3-9474-1A3956D46DE8}") = "Infrastructure", "Infrastructure", "{58996F7F-55BA-4E5A-AA06-761257645AEC}"
EndProject
Project("{2150E333-8FDC-42A3-9474-1A3956D46DE8}") = "Presentation", "Presentation", "{D70B0F08-0E32-4DA5-8ECC-02AB431BA3B6}"
EndProject
Project("{FAE04EC0-301F-11D3-BF4B-00C04F79EFBC}") = "Labwork5", "src\Lab5\src\Labwork5\Labwork5.csproj", "{8D22B3F8-E49A-4EF3-97C5-A97A4ECB71CE}"
EndProject
Project("{FAE04EC0-301F-11D3-BF4B-00C04F79EFBC}") = "Labwork5.Application", "src\Lab5\src\Application\Labwork5.Application\Labwork5.Application.csproj", "{03EE09B5-671E-4E49-968D-6B9A92F5419F}"
EndProject
Project("{FAE04EC0-301F-11D3-BF4B-00C04F79EFBC}") = "Labwork5.Application.Abstractions", "src\Lab5\src\Application\Labwork5.Application.Abstractions\Labwork5.Application.Abstractions.csproj", "{A336BD96-4DBF-4B3C-8196-BF527489679D}"
EndProject
Project("{FAE04EC0-301F-11D3-BF4B-00C04F79EFBC}") = "Labwork5.Application.Contracts", "src\Lab5\src\Application\Labwork5.Application.Contracts\Labwork5.Application.Contracts.csproj", "{086CC377-B90D-46C0-B989-77E44B24660D}"
EndProject
Project("{FAE04EC0-301F-11D3-BF4B-00C04F79EFBC}") = "Labwork5.Application.Models", "src\Lab5\src\Application\Labwork5.Application.Models\Labwork5.Application.Models.csproj", "{DE7E22B5-78C5-45D0-BF0E-3F290C3F6192}"
EndProject
Project("{FAE04EC0-301F-11D3-BF4B-00C04F79EFBC}") = "Labwork5.Infrastructure.DataAccess", "src\Lab5\src\Infrastructure\Labwork5.Infrastructure.DataAccess\Labwork5.Infrastructure.DataAccess.csproj", "{2C2B7325-2015-4771-98F3-08588D09374D}"
EndProject
Project("{FAE04EC0-301F-11D3-BF4B-00C04F79EFBC}") = "Labwork5.Presentation.Console", "src\Lab5\src\Labwork5.Presentation.Console\Labwork5.Presentation.Console.csproj", "{3694CC54-8950-417B-B901-4B533D550472}"
EndProject
Project("{2150E333-8FDC-42A3-9474-1A3956D46DE8}") = "common", "common", "{0FEAA72B-4416-4D4C-A64F-23522DDDC456}"
	ProjectSection(SolutionItems) = preProject
		src\Lab5\common\docker-compose.yaml = src\Lab5\common\docker-compose.yaml
	EndProjectSection
EndProject
Global
	GlobalSection(SolutionConfigurationPlatforms) = preSolution
		Debug|Any CPU = Debug|Any CPU
		Release|Any CPU = Release|Any CPU
	EndGlobalSection
	GlobalSection(NestedProjects) = preSolution
		{25EFCB64-8B06-4F6A-BBFD-9F713438637F} = {3A8B6812-B42A-4F1B-962F-E4C2696A6F46}
		{7392F3A8-8E4F-4353-9023-51F0DCF56416} = {3A8B6812-B42A-4F1B-962F-E4C2696A6F46}
		{9CC87A20-A988-4109-B1B4-AF1E8C634110} = {3A8B6812-B42A-4F1B-962F-E4C2696A6F46}
		{00526AC5-5908-441E-ADA5-2E8BBC91919F} = {3A8B6812-B42A-4F1B-962F-E4C2696A6F46}
		{FAE8F20B-EB2D-4E9F-A9C9-69761E5B4604} = {ABD7D257-AE9C-4DCB-9224-80938748474C}
		{7D2B8E68-304A-4946-987E-4F29F0FCC3A4} = {ABD7D257-AE9C-4DCB-9224-80938748474C}
		{3A3ABC1F-44EE-41D7-B0F1-F0D962E5746B} = {ABD7D257-AE9C-4DCB-9224-80938748474C}
		{2BC795FD-9FAC-419E-A8A5-4C432451CBD1} = {ABD7D257-AE9C-4DCB-9224-80938748474C}
		{6B113055-EABD-4475-9A6B-C54320ED1F26} = {ABD7D257-AE9C-4DCB-9224-80938748474C}
		{C377CD08-FE90-4087-9113-4EE475C1D5EB} = {3A8B6812-B42A-4F1B-962F-E4C2696A6F46}
		{44FA07E6-FAC0-466F-9783-414E9CA37BD1} = {C377CD08-FE90-4087-9113-4EE475C1D5EB}
		{B64D5D3E-E93C-4931-9676-89EAB0CC07F5} = {44FA07E6-FAC0-466F-9783-414E9CA37BD1}
		{58996F7F-55BA-4E5A-AA06-761257645AEC} = {44FA07E6-FAC0-466F-9783-414E9CA37BD1}
		{D70B0F08-0E32-4DA5-8ECC-02AB431BA3B6} = {44FA07E6-FAC0-466F-9783-414E9CA37BD1}
		{8D22B3F8-E49A-4EF3-97C5-A97A4ECB71CE} = {44FA07E6-FAC0-466F-9783-414E9CA37BD1}
		{03EE09B5-671E-4E49-968D-6B9A92F5419F} = {B64D5D3E-E93C-4931-9676-89EAB0CC07F5}
		{A336BD96-4DBF-4B3C-8196-BF527489679D} = {B64D5D3E-E93C-4931-9676-89EAB0CC07F5}
		{086CC377-B90D-46C0-B989-77E44B24660D} = {B64D5D3E-E93C-4931-9676-89EAB0CC07F5}
		{DE7E22B5-78C5-45D0-BF0E-3F290C3F6192} = {B64D5D3E-E93C-4931-9676-89EAB0CC07F5}
		{2C2B7325-2015-4771-98F3-08588D09374D} = {58996F7F-55BA-4E5A-AA06-761257645AEC}
		{3694CC54-8950-417B-B901-4B533D550472} = {D70B0F08-0E32-4DA5-8ECC-02AB431BA3B6}
		{0FEAA72B-4416-4D4C-A64F-23522DDDC456} = {C377CD08-FE90-4087-9113-4EE475C1D5EB}
	EndGlobalSection
	GlobalSection(ProjectConfigurationPlatforms) = postSolution
		{25EFCB64-8B06-4F6A-BBFD-9F713438637F}.Debug|Any CPU.ActiveCfg = Debug|Any CPU
		{25EFCB64-8B06-4F6A-BBFD-9F713438637F}.Debug|Any CPU.Build.0 = Debug|Any CPU
		{25EFCB64-8B06-4F6A-BBFD-9F713438637F}.Release|Any CPU.ActiveCfg = Release|Any CPU
		{25EFCB64-8B06-4F6A-BBFD-9F713438637F}.Release|Any CPU.Build.0 = Release|Any CPU
		{7392F3A8-8E4F-4353-9023-51F0DCF56416}.Debug|Any CPU.ActiveCfg = Debug|Any CPU
		{7392F3A8-8E4F-4353-9023-51F0DCF56416}.Debug|Any CPU.Build.0 = Debug|Any CPU
		{7392F3A8-8E4F-4353-9023-51F0DCF56416}.Release|Any CPU.ActiveCfg = Release|Any CPU
		{7392F3A8-8E4F-4353-9023-51F0DCF56416}.Release|Any CPU.Build.0 = Release|Any CPU
		{9CC87A20-A988-4109-B1B4-AF1E8C634110}.Debug|Any CPU.ActiveCfg = Debug|Any CPU
		{9CC87A20-A988-4109-B1B4-AF1E8C634110}.Debug|Any CPU.Build.0 = Debug|Any CPU
		{9CC87A20-A988-4109-B1B4-AF1E8C634110}.Release|Any CPU.ActiveCfg = Release|Any CPU
		{9CC87A20-A988-4109-B1B4-AF1E8C634110}.Release|Any CPU.Build.0 = Release|Any CPU
		{00526AC5-5908-441E-ADA5-2E8BBC91919F}.Debug|Any CPU.ActiveCfg = Debug|Any CPU
		{00526AC5-5908-441E-ADA5-2E8BBC91919F}.Debug|Any CPU.Build.0 = Debug|Any CPU
		{00526AC5-5908-441E-ADA5-2E8BBC91919F}.Release|Any CPU.ActiveCfg = Release|Any CPU
		{00526AC5-5908-441E-ADA5-2E8BBC91919F}.Release|Any CPU.Build.0 = Release|Any CPU
		{FAE8F20B-EB2D-4E9F-A9C9-69761E5B4604}.Debug|Any CPU.ActiveCfg = Debug|Any CPU
		{FAE8F20B-EB2D-4E9F-A9C9-69761E5B4604}.Debug|Any CPU.Build.0 = Debug|Any CPU
		{FAE8F20B-EB2D-4E9F-A9C9-69761E5B4604}.Release|Any CPU.ActiveCfg = Release|Any CPU
		{FAE8F20B-EB2D-4E9F-A9C9-69761E5B4604}.Release|Any CPU.Build.0 = Release|Any CPU
		{7D2B8E68-304A-4946-987E-4F29F0FCC3A4}.Debug|Any CPU.ActiveCfg = Debug|Any CPU
		{7D2B8E68-304A-4946-987E-4F29F0FCC3A4}.Debug|Any CPU.Build.0 = Debug|Any CPU
		{7D2B8E68-304A-4946-987E-4F29F0FCC3A4}.Release|Any CPU.ActiveCfg = Release|Any CPU
		{7D2B8E68-304A-4946-987E-4F29F0FCC3A4}.Release|Any CPU.Build.0 = Release|Any CPU
		{3A3ABC1F-44EE-41D7-B0F1-F0D962E5746B}.Debug|Any CPU.ActiveCfg = Debug|Any CPU
		{3A3ABC1F-44EE-41D7-B0F1-F0D962E5746B}.Debug|Any CPU.Build.0 = Debug|Any CPU
		{3A3ABC1F-44EE-41D7-B0F1-F0D962E5746B}.Release|Any CPU.ActiveCfg = Release|Any CPU
		{3A3ABC1F-44EE-41D7-B0F1-F0D962E5746B}.Release|Any CPU.Build.0 = Release|Any CPU
		{2BC795FD-9FAC-419E-A8A5-4C432451CBD1}.Debug|Any CPU.ActiveCfg = Debug|Any CPU
		{2BC795FD-9FAC-419E-A8A5-4C432451CBD1}.Debug|Any CPU.Build.0 = Debug|Any CPU
		{2BC795FD-9FAC-419E-A8A5-4C432451CBD1}.Release|Any CPU.ActiveCfg = Release|Any CPU
		{2BC795FD-9FAC-419E-A8A5-4C432451CBD1}.Release|Any CPU.Build.0 = Release|Any CPU
		{6B113055-EABD-4475-9A6B-C54320ED1F26}.Debug|Any CPU.ActiveCfg = Debug|Any CPU
		{6B113055-EABD-4475-9A6B-C54320ED1F26}.Debug|Any CPU.Build.0 = Debug|Any CPU
		{6B113055-EABD-4475-9A6B-C54320ED1F26}.Release|Any CPU.ActiveCfg = Release|Any CPU
		{6B113055-EABD-4475-9A6B-C54320ED1F26}.Release|Any CPU.Build.0 = Release|Any CPU
		{8D22B3F8-E49A-4EF3-97C5-A97A4ECB71CE}.Debug|Any CPU.ActiveCfg = Debug|Any CPU
		{8D22B3F8-E49A-4EF3-97C5-A97A4ECB71CE}.Debug|Any CPU.Build.0 = Debug|Any CPU
		{8D22B3F8-E49A-4EF3-97C5-A97A4ECB71CE}.Release|Any CPU.ActiveCfg = Release|Any CPU
		{8D22B3F8-E49A-4EF3-97C5-A97A4ECB71CE}.Release|Any CPU.Build.0 = Release|Any CPU
		{03EE09B5-671E-4E49-968D-6B9A92F5419F}.Debug|Any CPU.ActiveCfg = Debug|Any CPU
		{03EE09B5-671E-4E49-968D-6B9A92F5419F}.Debug|Any CPU.Build.0 = Debug|Any CPU
		{03EE09B5-671E-4E49-968D-6B9A92F5419F}.Release|Any CPU.ActiveCfg = Release|Any CPU
		{03EE09B5-671E-4E49-968D-6B9A92F5419F}.Release|Any CPU.Build.0 = Release|Any CPU
		{A336BD96-4DBF-4B3C-8196-BF527489679D}.Debug|Any CPU.ActiveCfg = Debug|Any CPU
		{A336BD96-4DBF-4B3C-8196-BF527489679D}.Debug|Any CPU.Build.0 = Debug|Any CPU
		{A336BD96-4DBF-4B3C-8196-BF527489679D}.Release|Any CPU.ActiveCfg = Release|Any CPU
		{A336BD96-4DBF-4B3C-8196-BF527489679D}.Release|Any CPU.Build.0 = Release|Any CPU
		{086CC377-B90D-46C0-B989-77E44B24660D}.Debug|Any CPU.ActiveCfg = Debug|Any CPU
		{086CC377-B90D-46C0-B989-77E44B24660D}.Debug|Any CPU.Build.0 = Debug|Any CPU
		{086CC377-B90D-46C0-B989-77E44B24660D}.Release|Any CPU.ActiveCfg = Release|Any CPU
		{086CC377-B90D-46C0-B989-77E44B24660D}.Release|Any CPU.Build.0 = Release|Any CPU
		{DE7E22B5-78C5-45D0-BF0E-3F290C3F6192}.Debug|Any CPU.ActiveCfg = Debug|Any CPU
		{DE7E22B5-78C5-45D0-BF0E-3F290C3F6192}.Debug|Any CPU.Build.0 = Debug|Any CPU
		{DE7E22B5-78C5-45D0-BF0E-3F290C3F6192}.Release|Any CPU.ActiveCfg = Release|Any CPU
		{DE7E22B5-78C5-45D0-BF0E-3F290C3F6192}.Release|Any CPU.Build.0 = Release|Any CPU
		{2C2B7325-2015-4771-98F3-08588D09374D}.Debug|Any CPU.ActiveCfg = Debug|Any CPU
		{2C2B7325-2015-4771-98F3-08588D09374D}.Debug|Any CPU.Build.0 = Debug|Any CPU
		{2C2B7325-2015-4771-98F3-08588D09374D}.Release|Any CPU.ActiveCfg = Release|Any CPU
		{2C2B7325-2015-4771-98F3-08588D09374D}.Release|Any CPU.Build.0 = Release|Any CPU
		{3694CC54-8950-417B-B901-4B533D550472}.Debug|Any CPU.ActiveCfg = Debug|Any CPU
		{3694CC54-8950-417B-B901-4B533D550472}.Debug|Any CPU.Build.0 = Debug|Any CPU
		{3694CC54-8950-417B-B901-4B533D550472}.Release|Any CPU.ActiveCfg = Release|Any CPU
		{3694CC54-8950-417B-B901-4B533D550472}.Release|Any CPU.Build.0 = Release|Any CPU
	EndGlobalSection
EndGlobal
